// !$*UTF8*$!
{
	archiveVersion = 1;
	classes = {
	};
	objectVersion = 50;
	objects = {

/* Begin PBXBuildFile section */
		93342477279F25E70042D20F /* AppDelegate.swift in Sources */ = {isa = PBXBuildFile; fileRef = 93342476279F25E70042D20F /* AppDelegate.swift */; };
		9334247B279F25E70042D20F /* LandingTabBarViewController.swift in Sources */ = {isa = PBXBuildFile; fileRef = 9334247A279F25E70042D20F /* LandingTabBarViewController.swift */; };
		93342480279F25E90042D20F /* Assets.xcassets in Resources */ = {isa = PBXBuildFile; fileRef = 9334247F279F25E90042D20F /* Assets.xcassets */; };
		93342483279F25E90042D20F /* LaunchScreen.storyboard in Resources */ = {isa = PBXBuildFile; fileRef = 93342481279F25E90042D20F /* LaunchScreen.storyboard */; };
		9334248E279F25E90042D20F /* InfobaeProgrammaticTests.swift in Sources */ = {isa = PBXBuildFile; fileRef = 9334248D279F25E90042D20F /* InfobaeProgrammaticTests.swift */; };
		93342499279F25E90042D20F /* InfobaeProgrammaticUITests.swift in Sources */ = {isa = PBXBuildFile; fileRef = 93342498279F25E90042D20F /* InfobaeProgrammaticUITests.swift */; };
		933424F827A03F0E0042D20F /* HomeNewsViewController.swift in Sources */ = {isa = PBXBuildFile; fileRef = 933424F727A03F0E0042D20F /* HomeNewsViewController.swift */; };
		9334254727A169F40042D20F /* NewsFeed.swift in Sources */ = {isa = PBXBuildFile; fileRef = 9334254627A169F40042D20F /* NewsFeed.swift */; };
		9334254C27A16A2B0042D20F /* Article.swift in Sources */ = {isa = PBXBuildFile; fileRef = 9334254B27A16A2B0042D20F /* Article.swift */; };
		9336AD9427C5637E005911A1 /* InfoNew.swift in Sources */ = {isa = PBXBuildFile; fileRef = 9336AD9327C5637E005911A1 /* InfoNew.swift */; };
		9336AD9A27C5677A005911A1 /* NewTableViewCell.swift in Sources */ = {isa = PBXBuildFile; fileRef = 9336AD9927C5677A005911A1 /* NewTableViewCell.swift */; };
/* End PBXBuildFile section */

/* Begin PBXContainerItemProxy section */
		9334248A279F25E90042D20F /* PBXContainerItemProxy */ = {
			isa = PBXContainerItemProxy;
			containerPortal = 9334246B279F25E70042D20F /* Project object */;
			proxyType = 1;
			remoteGlobalIDString = 93342472279F25E70042D20F;
			remoteInfo = InfobaeProgrammatic;
		};
		93342495279F25E90042D20F /* PBXContainerItemProxy */ = {
			isa = PBXContainerItemProxy;
			containerPortal = 9334246B279F25E70042D20F /* Project object */;
			proxyType = 1;
			remoteGlobalIDString = 93342472279F25E70042D20F;
			remoteInfo = InfobaeProgrammatic;
		};
/* End PBXContainerItemProxy section */

/* Begin PBXFileReference section */
		93342473279F25E70042D20F /* InfobaeProgrammatic.app */ = {isa = PBXFileReference; explicitFileType = wrapper.application; includeInIndex = 0; path = InfobaeProgrammatic.app; sourceTree = BUILT_PRODUCTS_DIR; };
		93342476279F25E70042D20F /* AppDelegate.swift */ = {isa = PBXFileReference; lastKnownFileType = sourcecode.swift; path = AppDelegate.swift; sourceTree = "<group>"; };
		9334247A279F25E70042D20F /* LandingTabBarViewController.swift */ = {isa = PBXFileReference; lastKnownFileType = sourcecode.swift; path = LandingTabBarViewController.swift; sourceTree = "<group>"; };
		9334247F279F25E90042D20F /* Assets.xcassets */ = {isa = PBXFileReference; lastKnownFileType = folder.assetcatalog; path = Assets.xcassets; sourceTree = "<group>"; };
		93342482279F25E90042D20F /* Base */ = {isa = PBXFileReference; lastKnownFileType = file.storyboard; name = Base; path = Base.lproj/LaunchScreen.storyboard; sourceTree = "<group>"; };
		93342484279F25E90042D20F /* Info.plist */ = {isa = PBXFileReference; lastKnownFileType = text.plist.xml; path = Info.plist; sourceTree = "<group>"; };
		93342489279F25E90042D20F /* InfobaeProgrammaticTests.xctest */ = {isa = PBXFileReference; explicitFileType = wrapper.cfbundle; includeInIndex = 0; path = InfobaeProgrammaticTests.xctest; sourceTree = BUILT_PRODUCTS_DIR; };
		9334248D279F25E90042D20F /* InfobaeProgrammaticTests.swift */ = {isa = PBXFileReference; lastKnownFileType = sourcecode.swift; path = InfobaeProgrammaticTests.swift; sourceTree = "<group>"; };
		9334248F279F25E90042D20F /* Info.plist */ = {isa = PBXFileReference; lastKnownFileType = text.plist.xml; path = Info.plist; sourceTree = "<group>"; };
		93342494279F25E90042D20F /* InfobaeProgrammaticUITests.xctest */ = {isa = PBXFileReference; explicitFileType = wrapper.cfbundle; includeInIndex = 0; path = InfobaeProgrammaticUITests.xctest; sourceTree = BUILT_PRODUCTS_DIR; };
		93342498279F25E90042D20F /* InfobaeProgrammaticUITests.swift */ = {isa = PBXFileReference; lastKnownFileType = sourcecode.swift; path = InfobaeProgrammaticUITests.swift; sourceTree = "<group>"; };
		9334249A279F25E90042D20F /* Info.plist */ = {isa = PBXFileReference; lastKnownFileType = text.plist.xml; path = Info.plist; sourceTree = "<group>"; };
		933424F727A03F0E0042D20F /* HomeNewsViewController.swift */ = {isa = PBXFileReference; lastKnownFileType = sourcecode.swift; path = HomeNewsViewController.swift; sourceTree = "<group>"; };
		9334254627A169F40042D20F /* NewsFeed.swift */ = {isa = PBXFileReference; lastKnownFileType = sourcecode.swift; path = NewsFeed.swift; sourceTree = "<group>"; };
		9334254B27A16A2B0042D20F /* Article.swift */ = {isa = PBXFileReference; lastKnownFileType = sourcecode.swift; path = Article.swift; sourceTree = "<group>"; };
		9336AD9327C5637E005911A1 /* InfoNew.swift */ = {isa = PBXFileReference; lastKnownFileType = sourcecode.swift; path = InfoNew.swift; sourceTree = "<group>"; };
		9336AD9927C5677A005911A1 /* NewTableViewCell.swift */ = {isa = PBXFileReference; lastKnownFileType = sourcecode.swift; path = NewTableViewCell.swift; sourceTree = "<group>"; };
/* End PBXFileReference section */

/* Begin PBXFrameworksBuildPhase section */
		93342470279F25E70042D20F /* Frameworks */ = {
			isa = PBXFrameworksBuildPhase;
			buildActionMask = 2147483647;
			files = (
			);
			runOnlyForDeploymentPostprocessing = 0;
		};
		93342486279F25E90042D20F /* Frameworks */ = {
			isa = PBXFrameworksBuildPhase;
			buildActionMask = 2147483647;
			files = (
			);
			runOnlyForDeploymentPostprocessing = 0;
		};
		93342491279F25E90042D20F /* Frameworks */ = {
			isa = PBXFrameworksBuildPhase;
			buildActionMask = 2147483647;
			files = (
			);
			runOnlyForDeploymentPostprocessing = 0;
		};
/* End PBXFrameworksBuildPhase section */

/* Begin PBXGroup section */
		9334246A279F25E70042D20F = {
			isa = PBXGroup;
			children = (
				93342475279F25E70042D20F /* InfobaeProgrammatic */,
				9334248C279F25E90042D20F /* InfobaeProgrammaticTests */,
				93342497279F25E90042D20F /* InfobaeProgrammaticUITests */,
				93342474279F25E70042D20F /* Products */,
			);
			sourceTree = "<group>";
		};
		93342474279F25E70042D20F /* Products */ = {
			isa = PBXGroup;
			children = (
				93342473279F25E70042D20F /* InfobaeProgrammatic.app */,
				93342489279F25E90042D20F /* InfobaeProgrammaticTests.xctest */,
				93342494279F25E90042D20F /* InfobaeProgrammaticUITests.xctest */,
			);
			name = Products;
			sourceTree = "<group>";
		};
		93342475279F25E70042D20F /* InfobaeProgrammatic */ = {
			isa = PBXGroup;
			children = (
				93342476279F25E70042D20F /* AppDelegate.swift */,
				9336AD9827C56425005911A1 /* Modal */,
				9336AD9627C563EA005911A1 /* Cell */,
				9336AD9727C5640A005911A1 /* ViewControllers */,
				9334247F279F25E90042D20F /* Assets.xcassets */,
				93342481279F25E90042D20F /* LaunchScreen.storyboard */,
				93342484279F25E90042D20F /* Info.plist */,
				9336AD9527C563C4005911A1 /* Https */,
			);
			path = InfobaeProgrammatic;
			sourceTree = "<group>";
		};
		9334248C279F25E90042D20F /* InfobaeProgrammaticTests */ = {
			isa = PBXGroup;
			children = (
				9334248D279F25E90042D20F /* InfobaeProgrammaticTests.swift */,
				9334248F279F25E90042D20F /* Info.plist */,
			);
			path = InfobaeProgrammaticTests;
			sourceTree = "<group>";
		};
		93342497279F25E90042D20F /* InfobaeProgrammaticUITests */ = {
			isa = PBXGroup;
			children = (
				93342498279F25E90042D20F /* InfobaeProgrammaticUITests.swift */,
				9334249A279F25E90042D20F /* Info.plist */,
			);
			path = InfobaeProgrammaticUITests;
			sourceTree = "<group>";
		};
		9336AD9527C563C4005911A1 /* Https */ = {
			isa = PBXGroup;
			children = (
				9334254B27A16A2B0042D20F /* Article.swift */,
				9334254627A169F40042D20F /* NewsFeed.swift */,
			);
			path = Https;
			sourceTree = "<group>";
		};
		9336AD9627C563EA005911A1 /* Cell */ = {
			isa = PBXGroup;
			children = (
				9336AD9927C5677A005911A1 /* NewTableViewCell.swift */,
			);
			path = Cell;
			sourceTree = "<group>";
		};
		9336AD9727C5640A005911A1 /* ViewControllers */ = {
			isa = PBXGroup;
			children = (
				9334247A279F25E70042D20F /* LandingTabBarViewController.swift */,
				933424F727A03F0E0042D20F /* HomeNewsViewController.swift */,
			);
			path = ViewControllers;
			sourceTree = "<group>";
		};
		9336AD9827C56425005911A1 /* Modal */ = {
			isa = PBXGroup;
			children = (
				9336AD9327C5637E005911A1 /* InfoNew.swift */,
			);
			path = Modal;
			sourceTree = "<group>";
		};
/* End PBXGroup section */

/* Begin PBXNativeTarget section */
		93342472279F25E70042D20F /* InfobaeProgrammatic */ = {
			isa = PBXNativeTarget;
			buildConfigurationList = 9334249D279F25E90042D20F /* Build configuration list for PBXNativeTarget "InfobaeProgrammatic" */;
			buildPhases = (
				9334246F279F25E70042D20F /* Sources */,
				93342470279F25E70042D20F /* Frameworks */,
				93342471279F25E70042D20F /* Resources */,
			);
			buildRules = (
			);
			dependencies = (
			);
			name = InfobaeProgrammatic;
			productName = InfobaeProgrammatic;
			productReference = 93342473279F25E70042D20F /* InfobaeProgrammatic.app */;
			productType = "com.apple.product-type.application";
		};
		93342488279F25E90042D20F /* InfobaeProgrammaticTests */ = {
			isa = PBXNativeTarget;
			buildConfigurationList = 933424A0279F25E90042D20F /* Build configuration list for PBXNativeTarget "InfobaeProgrammaticTests" */;
			buildPhases = (
				93342485279F25E90042D20F /* Sources */,
				93342486279F25E90042D20F /* Frameworks */,
				93342487279F25E90042D20F /* Resources */,
			);
			buildRules = (
			);
			dependencies = (
				9334248B279F25E90042D20F /* PBXTargetDependency */,
			);
			name = InfobaeProgrammaticTests;
			productName = InfobaeProgrammaticTests;
			productReference = 93342489279F25E90042D20F /* InfobaeProgrammaticTests.xctest */;
			productType = "com.apple.product-type.bundle.unit-test";
		};
		93342493279F25E90042D20F /* InfobaeProgrammaticUITests */ = {
			isa = PBXNativeTarget;
			buildConfigurationList = 933424A3279F25E90042D20F /* Build configuration list for PBXNativeTarget "InfobaeProgrammaticUITests" */;
			buildPhases = (
				93342490279F25E90042D20F /* Sources */,
				93342491279F25E90042D20F /* Frameworks */,
				93342492279F25E90042D20F /* Resources */,
			);
			buildRules = (
			);
			dependencies = (
				93342496279F25E90042D20F /* PBXTargetDependency */,
			);
			name = InfobaeProgrammaticUITests;
			productName = InfobaeProgrammaticUITests;
			productReference = 93342494279F25E90042D20F /* InfobaeProgrammaticUITests.xctest */;
			productType = "com.apple.product-type.bundle.ui-testing";
		};
/* End PBXNativeTarget section */

/* Begin PBXProject section */
		9334246B279F25E70042D20F /* Project object */ = {
			isa = PBXProject;
			attributes = {
				LastSwiftUpdateCheck = 1240;
				LastUpgradeCheck = 1240;
				TargetAttributes = {
					93342472279F25E70042D20F = {
						CreatedOnToolsVersion = 12.4;
					};
					93342488279F25E90042D20F = {
						CreatedOnToolsVersion = 12.4;
						TestTargetID = 93342472279F25E70042D20F;
					};
					93342493279F25E90042D20F = {
						CreatedOnToolsVersion = 12.4;
						TestTargetID = 93342472279F25E70042D20F;
					};
				};
			};
			buildConfigurationList = 9334246E279F25E70042D20F /* Build configuration list for PBXProject "InfobaeProgrammatic" */;
			compatibilityVersion = "Xcode 9.3";
			developmentRegion = en;
			hasScannedForEncodings = 0;
			knownRegions = (
				en,
				Base,
			);
			mainGroup = 9334246A279F25E70042D20F;
			productRefGroup = 93342474279F25E70042D20F /* Products */;
			projectDirPath = "";
			projectRoot = "";
			targets = (
				93342472279F25E70042D20F /* InfobaeProgrammatic */,
				93342488279F25E90042D20F /* InfobaeProgrammaticTests */,
				93342493279F25E90042D20F /* InfobaeProgrammaticUITests */,
			);
		};
/* End PBXProject section */

/* Begin PBXResourcesBuildPhase section */
		93342471279F25E70042D20F /* Resources */ = {
			isa = PBXResourcesBuildPhase;
			buildActionMask = 2147483647;
			files = (
				93342483279F25E90042D20F /* LaunchScreen.storyboard in Resources */,
				93342480279F25E90042D20F /* Assets.xcassets in Resources */,
			);
			runOnlyForDeploymentPostprocessing = 0;
		};
		93342487279F25E90042D20F /* Resources */ = {
			isa = PBXResourcesBuildPhase;
			buildActionMask = 2147483647;
			files = (
			);
			runOnlyForDeploymentPostprocessing = 0;
		};
		93342492279F25E90042D20F /* Resources */ = {
			isa = PBXResourcesBuildPhase;
			buildActionMask = 2147483647;
			files = (
			);
			runOnlyForDeploymentPostprocessing = 0;
		};
/* End PBXResourcesBuildPhase section */

/* Begin PBXSourcesBuildPhase section */
		9334246F279F25E70042D20F /* Sources */ = {
			isa = PBXSourcesBuildPhase;
			buildActionMask = 2147483647;
			files = (
				933424F827A03F0E0042D20F /* HomeNewsViewController.swift in Sources */,
				9334247B279F25E70042D20F /* LandingTabBarViewController.swift in Sources */,
				9334254C27A16A2B0042D20F /* Article.swift in Sources */,
				93342477279F25E70042D20F /* AppDelegate.swift in Sources */,
				9334254727A169F40042D20F /* NewsFeed.swift in Sources */,
				9336AD9427C5637E005911A1 /* InfoNew.swift in Sources */,
				9336AD9A27C5677A005911A1 /* NewTableViewCell.swift in Sources */,
			);
			runOnlyForDeploymentPostprocessing = 0;
		};
		93342485279F25E90042D20F /* Sources */ = {
			isa = PBXSourcesBuildPhase;
			buildActionMask = 2147483647;
			files = (
				9334248E279F25E90042D20F /* InfobaeProgrammaticTests.swift in Sources */,
			);
			runOnlyForDeploymentPostprocessing = 0;
		};
		93342490279F25E90042D20F /* Sources */ = {
			isa = PBXSourcesBuildPhase;
			buildActionMask = 2147483647;
			files = (
				93342499279F25E90042D20F /* InfobaeProgrammaticUITests.swift in Sources */,
			);
			runOnlyForDeploymentPostprocessing = 0;
		};
/* End PBXSourcesBuildPhase section */

/* Begin PBXTargetDependency section */
		9334248B279F25E90042D20F /* PBXTargetDependency */ = {
			isa = PBXTargetDependency;
			target = 93342472279F25E70042D20F /* InfobaeProgrammatic */;
			targetProxy = 9334248A279F25E90042D20F /* PBXContainerItemProxy */;
		};
		93342496279F25E90042D20F /* PBXTargetDependency */ = {
			isa = PBXTargetDependency;
			target = 93342472279F25E70042D20F /* InfobaeProgrammatic */;
			targetProxy = 93342495279F25E90042D20F /* PBXContainerItemProxy */;
		};
/* End PBXTargetDependency section */

/* Begin PBXVariantGroup section */
		93342481279F25E90042D20F /* LaunchScreen.storyboard */ = {
			isa = PBXVariantGroup;
			children = (
				93342482279F25E90042D20F /* Base */,
			);
			name = LaunchScreen.storyboard;
			sourceTree = "<group>";
		};
/* End PBXVariantGroup section */

/* Begin XCBuildConfiguration section */
		9334249B279F25E90042D20F /* Debug */ = {
			isa = XCBuildConfiguration;
			buildSettings = {
				ALWAYS_SEARCH_USER_PATHS = NO;
				CLANG_ANALYZER_NONNULL = YES;
				CLANG_ANALYZER_NUMBER_OBJECT_CONVERSION = YES_AGGRESSIVE;
				CLANG_CXX_LANGUAGE_STANDARD = "gnu++14";
				CLANG_CXX_LIBRARY = "libc++";
				CLANG_ENABLE_MODULES = YES;
				CLANG_ENABLE_OBJC_ARC = YES;
				CLANG_ENABLE_OBJC_WEAK = YES;
				CLANG_WARN_BLOCK_CAPTURE_AUTORELEASING = YES;
				CLANG_WARN_BOOL_CONVERSION = YES;
				CLANG_WARN_COMMA = YES;
				CLANG_WARN_CONSTANT_CONVERSION = YES;
				CLANG_WARN_DEPRECATED_OBJC_IMPLEMENTATIONS = YES;
				CLANG_WARN_DIRECT_OBJC_ISA_USAGE = YES_ERROR;
				CLANG_WARN_DOCUMENTATION_COMMENTS = YES;
				CLANG_WARN_EMPTY_BODY = YES;
				CLANG_WARN_ENUM_CONVERSION = YES;
				CLANG_WARN_INFINITE_RECURSION = YES;
				CLANG_WARN_INT_CONVERSION = YES;
				CLANG_WARN_NON_LITERAL_NULL_CONVERSION = YES;
				CLANG_WARN_OBJC_IMPLICIT_RETAIN_SELF = YES;
				CLANG_WARN_OBJC_LITERAL_CONVERSION = YES;
				CLANG_WARN_OBJC_ROOT_CLASS = YES_ERROR;
				CLANG_WARN_QUOTED_INCLUDE_IN_FRAMEWORK_HEADER = YES;
				CLANG_WARN_RANGE_LOOP_ANALYSIS = YES;
				CLANG_WARN_STRICT_PROTOTYPES = YES;
				CLANG_WARN_SUSPICIOUS_MOVE = YES;
				CLANG_WARN_UNGUARDED_AVAILABILITY = YES_AGGRESSIVE;
				CLANG_WARN_UNREACHABLE_CODE = YES;
				CLANG_WARN__DUPLICATE_METHOD_MATCH = YES;
				COPY_PHASE_STRIP = NO;
				DEBUG_INFORMATION_FORMAT = dwarf;
				ENABLE_STRICT_OBJC_MSGSEND = YES;
				ENABLE_TESTABILITY = YES;
				GCC_C_LANGUAGE_STANDARD = gnu11;
				GCC_DYNAMIC_NO_PIC = NO;
				GCC_NO_COMMON_BLOCKS = YES;
				GCC_OPTIMIZATION_LEVEL = 0;
				GCC_PREPROCESSOR_DEFINITIONS = (
					"DEBUG=1",
					"$(inherited)",
				);
				GCC_WARN_64_TO_32_BIT_CONVERSION = YES;
				GCC_WARN_ABOUT_RETURN_TYPE = YES_ERROR;
				GCC_WARN_UNDECLARED_SELECTOR = YES;
				GCC_WARN_UNINITIALIZED_AUTOS = YES_AGGRESSIVE;
				GCC_WARN_UNUSED_FUNCTION = YES;
				GCC_WARN_UNUSED_VARIABLE = YES;
				IPHONEOS_DEPLOYMENT_TARGET = 14.4;
				MTL_ENABLE_DEBUG_INFO = INCLUDE_SOURCE;
				MTL_FAST_MATH = YES;
				ONLY_ACTIVE_ARCH = YES;
				SDKROOT = iphoneos;
				SWIFT_ACTIVE_COMPILATION_CONDITIONS = DEBUG;
				SWIFT_OPTIMIZATION_LEVEL = "-Onone";
			};
			name = Debug;
		};
		9334249C279F25E90042D20F /* Release */ = {
			isa = XCBuildConfiguration;
			buildSettings = {
				ALWAYS_SEARCH_USER_PATHS = NO;
				CLANG_ANALYZER_NONNULL = YES;
				CLANG_ANALYZER_NUMBER_OBJECT_CONVERSION = YES_AGGRESSIVE;
				CLANG_CXX_LANGUAGE_STANDARD = "gnu++14";
				CLANG_CXX_LIBRARY = "libc++";
				CLANG_ENABLE_MODULES = YES;
				CLANG_ENABLE_OBJC_ARC = YES;
				CLANG_ENABLE_OBJC_WEAK = YES;
				CLANG_WARN_BLOCK_CAPTURE_AUTORELEASING = YES;
				CLANG_WARN_BOOL_CONVERSION = YES;
				CLANG_WARN_COMMA = YES;
				CLANG_WARN_CONSTANT_CONVERSION = YES;
				CLANG_WARN_DEPRECATED_OBJC_IMPLEMENTATIONS = YES;
				CLANG_WARN_DIRECT_OBJC_ISA_USAGE = YES_ERROR;
				CLANG_WARN_DOCUMENTATION_COMMENTS = YES;
				CLANG_WARN_EMPTY_BODY = YES;
				CLANG_WARN_ENUM_CONVERSION = YES;
				CLANG_WARN_INFINITE_RECURSION = YES;
				CLANG_WARN_INT_CONVERSION = YES;
				CLANG_WARN_NON_LITERAL_NULL_CONVERSION = YES;
				CLANG_WARN_OBJC_IMPLICIT_RETAIN_SELF = YES;
				CLANG_WARN_OBJC_LITERAL_CONVERSION = YES;
				CLANG_WARN_OBJC_ROOT_CLASS = YES_ERROR;
				CLANG_WARN_QUOTED_INCLUDE_IN_FRAMEWORK_HEADER = YES;
				CLANG_WARN_RANGE_LOOP_ANALYSIS = YES;
				CLANG_WARN_STRICT_PROTOTYPES = YES;
				CLANG_WARN_SUSPICIOUS_MOVE = YES;
				CLANG_WARN_UNGUARDED_AVAILABILITY = YES_AGGRESSIVE;
				CLANG_WARN_UNREACHABLE_CODE = YES;
				CLANG_WARN__DUPLICATE_METHOD_MATCH = YES;
				COPY_PHASE_STRIP = NO;
				DEBUG_INFORMATION_FORMAT = "dwarf-with-dsym";
				ENABLE_NS_ASSERTIONS = NO;
				ENABLE_STRICT_OBJC_MSGSEND = YES;
				GCC_C_LANGUAGE_STANDARD = gnu11;
				GCC_NO_COMMON_BLOCKS = YES;
				GCC_WARN_64_TO_32_BIT_CONVERSION = YES;
				GCC_WARN_ABOUT_RETURN_TYPE = YES_ERROR;
				GCC_WARN_UNDECLARED_SELECTOR = YES;
				GCC_WARN_UNINITIALIZED_AUTOS = YES_AGGRESSIVE;
				GCC_WARN_UNUSED_FUNCTION = YES;
				GCC_WARN_UNUSED_VARIABLE = YES;
				IPHONEOS_DEPLOYMENT_TARGET = 14.4;
				MTL_ENABLE_DEBUG_INFO = NO;
				MTL_FAST_MATH = YES;
				SDKROOT = iphoneos;
				SWIFT_COMPILATION_MODE = wholemodule;
				SWIFT_OPTIMIZATION_LEVEL = "-O";
				VALIDATE_PRODUCT = YES;
			};
			name = Release;
		};
		9334249E279F25E90042D20F /* Debug */ = {
			isa = XCBuildConfiguration;
			buildSettings = {
				ASSETCATALOG_COMPILER_APPICON_NAME = AppIcon;
				ASSETCATALOG_COMPILER_GLOBAL_ACCENT_COLOR_NAME = AccentColor;
				CODE_SIGN_STYLE = Automatic;
				INFOPLIST_FILE = InfobaeProgrammatic/Info.plist;
				LD_RUNPATH_SEARCH_PATHS = (
					"$(inherited)",
					"@executable_path/Frameworks",
				);
				PRODUCT_BUNDLE_IDENTIFIER = com.VanesaKorbenfeld.InfobaeProgrammatic;
				PRODUCT_NAME = "$(TARGET_NAME)";
				SWIFT_VERSION = 5.0;
				TARGETED_DEVICE_FAMILY = "1,2";
			};
			name = Debug;
		};
		9334249F279F25E90042D20F /* Release */ = {
			isa = XCBuildConfiguration;
			buildSettings = {
				ASSETCATALOG_COMPILER_APPICON_NAME = AppIcon;
				ASSETCATALOG_COMPILER_GLOBAL_ACCENT_COLOR_NAME = AccentColor;
				CODE_SIGN_STYLE = Automatic;
				INFOPLIST_FILE = InfobaeProgrammatic/Info.plist;
				LD_RUNPATH_SEARCH_PATHS = (
					"$(inherited)",
					"@executable_path/Frameworks",
				);
				PRODUCT_BUNDLE_IDENTIFIER = com.VanesaKorbenfeld.InfobaeProgrammatic;
				PRODUCT_NAME = "$(TARGET_NAME)";
				SWIFT_VERSION = 5.0;
				TARGETED_DEVICE_FAMILY = "1,2";
			};
			name = Release;
		};
		933424A1279F25E90042D20F /* Debug */ = {
			isa = XCBuildConfiguration;
			buildSettings = {
				ALWAYS_EMBED_SWIFT_STANDARD_LIBRARIES = YES;
				BUNDLE_LOADER = "$(TEST_HOST)";
				CODE_SIGN_STYLE = Automatic;
				INFOPLIST_FILE = InfobaeProgrammaticTests/Info.plist;
				IPHONEOS_DEPLOYMENT_TARGET = 14.4;
				LD_RUNPATH_SEARCH_PATHS = (
					"$(inherited)",
					"@executable_path/Frameworks",
					"@loader_path/Frameworks",
				);
				PRODUCT_BUNDLE_IDENTIFIER = com.VanesaKorbenfeld.InfobaeProgrammaticTests;
				PRODUCT_NAME = "$(TARGET_NAME)";
				SWIFT_VERSION = 5.0;
				TARGETED_DEVICE_FAMILY = "1,2";
				TEST_HOST = "$(BUILT_PRODUCTS_DIR)/InfobaeProgrammatic.app/InfobaeProgrammatic";
			};
			name = Debug;
		};
		933424A2279F25E90042D20F /* Release */ = {
			isa = XCBuildConfiguration;
			buildSettings = {
				ALWAYS_EMBED_SWIFT_STANDARD_LIBRARIES = YES;
				BUNDLE_LOADER = "$(TEST_HOST)";
				CODE_SIGN_STYLE = Automatic;
				INFOPLIST_FILE = InfobaeProgrammaticTests/Info.plist;
				IPHONEOS_DEPLOYMENT_TARGET = 14.4;
				LD_RUNPATH_SEARCH_PATHS = (
					"$(inherited)",
					"@executable_path/Frameworks",
					"@loader_path/Frameworks",
				);
				PRODUCT_BUNDLE_IDENTIFIER = com.VanesaKorbenfeld.InfobaeProgrammaticTests;
				PRODUCT_NAME = "$(TARGET_NAME)";
				SWIFT_VERSION = 5.0;
				TARGETED_DEVICE_FAMILY = "1,2";
				TEST_HOST = "$(BUILT_PRODUCTS_DIR)/InfobaeProgrammatic.app/InfobaeProgrammatic";
			};
			name = Release;
		};
		933424A4279F25E90042D20F /* Debug */ = {
			isa = XCBuildConfiguration;
			buildSettings = {
				ALWAYS_EMBED_SWIFT_STANDARD_LIBRARIES = YES;
				CODE_SIGN_STYLE = Automatic;
				INFOPLIST_FILE = InfobaeProgrammaticUITests/Info.plist;
				LD_RUNPATH_SEARCH_PATHS = (
					"$(inherited)",
					"@executable_path/Frameworks",
					"@loader_path/Frameworks",
				);
				PRODUCT_BUNDLE_IDENTIFIER = com.VanesaKorbenfeld.InfobaeProgrammaticUITests;
				PRODUCT_NAME = "$(TARGET_NAME)";
				SWIFT_VERSION = 5.0;
				TARGETED_DEVICE_FAMILY = "1,2";
				TEST_TARGET_NAME = InfobaeProgrammatic;
			};
			name = Debug;
		};
		933424A5279F25E90042D20F /* Release */ = {
			isa = XCBuildConfiguration;
			buildSettings = {
				ALWAYS_EMBED_SWIFT_STANDARD_LIBRARIES = YES;
				CODE_SIGN_STYLE = Automatic;
				INFOPLIST_FILE = InfobaeProgrammaticUITests/Info.plist;
				LD_RUNPATH_SEARCH_PATHS = (
					"$(inherited)",
					"@executable_path/Frameworks",
					"@loader_path/Frameworks",
				);
				PRODUCT_BUNDLE_IDENTIFIER = com.VanesaKorbenfeld.InfobaeProgrammaticUITests;
				PRODUCT_NAME = "$(TARGET_NAME)";
				SWIFT_VERSION = 5.0;
				TARGETED_DEVICE_FAMILY = "1,2";
				TEST_TARGET_NAME = InfobaeProgrammatic;
			};
			name = Release;
		};
/* End XCBuildConfiguration section */

/* Begin XCConfigurationList section */
		9334246E279F25E70042D20F /* Build configuration list for PBXProject "InfobaeProgrammatic" */ = {
			isa = XCConfigurationList;
			buildConfigurations = (
				9334249B279F25E90042D20F /* Debug */,
				9334249C279F25E90042D20F /* Release */,
			);
			defaultConfigurationIsVisible = 0;
			defaultConfigurationName = Release;
		};
		9334249D279F25E90042D20F /* Build configuration list for PBXNativeTarget "InfobaeProgrammatic" */ = {
			isa = XCConfigurationList;
			buildConfigurations = (
				9334249E279F25E90042D20F /* Debug */,
				9334249F279F25E90042D20F /* Release */,
			);
			defaultConfigurationIsVisible = 0;
			defaultConfigurationName = Release;
		};
		933424A0279F25E90042D20F /* Build configuration list for PBXNativeTarget "InfobaeProgrammaticTests" */ = {
			isa = XCConfigurationList;
			buildConfigurations = (
				933424A1279F25E90042D20F /* Debug */,
				933424A2279F25E90042D20F /* Release */,
			);
			defaultConfigurationIsVisible = 0;
			defaultConfigurationName = Release;
		};
		933424A3279F25E90042D20F /* Build configuration list for PBXNativeTarget "InfobaeProgrammaticUITests" */ = {
			isa = XCConfigurationList;
			buildConfigurations = (
				933424A4279F25E90042D20F /* Debug */,
				933424A5279F25E90042D20F /* Release */,
			);
			defaultConfigurationIsVisible = 0;
			defaultConfigurationName = Release;
		};
/* End XCConfigurationList section */
	};
	rootObject = 9334246B279F25E70042D20F /* Project object */;
}
